{
  "name": "CFG-06",
  "lockfileVersion": 3,
  "requires": true,
  "packages": {
    "": {
      "dependencies": {
        "exif-parser": "^0.1.12"
      }
    },
    "node_modules/exif-parser": {
      "version": "0.1.12",
      "resolved": "https://registry.npmjs.org/exif-parser/-/exif-parser-0.1.12.tgz",
      "integrity": "sha512-c2bQfLNbMzLPmzQuOr8fy0csy84WmwnER81W88DzTp9CYNPJ6yzOj2EZAh9pywYpqHnshVLHQJ8WzldAyfY+Iw=="
    }
  }
}
